
Microsoft Visual Studio Solution File, Format Version 12.00
# Visual Studio Version 16
VisualStudioVersion = 16.0.30320.27
MinimumVisualStudioVersion = 10.0.40219.1
Project("{FAE04EC0-301F-11D3-BF4B-00C04F79EFBC}") = "FIT5032_Week07_ASP.NET_Identity", "FIT5032_Week07_ASP.NET_Identity.csproj", "{F4D466F2-C7D6-459C-A652-74864E55DAE1}"
EndProject
Global
	GlobalSection(SolutionConfigurationPlatforms) = preSolution
		Debug|Any CPU = Debug|Any CPU
		Release|Any CPU = Release|Any CPU
	EndGlobalSection
	GlobalSection(ProjectConfigurationPlatforms) = postSolution
		{F4D466F2-C7D6-459C-A652-74864E55DAE1}.Debug|Any CPU.ActiveCfg = Debug|Any CPU
		{F4D466F2-C7D6-459C-A652-74864E55DAE1}.Debug|Any CPU.Build.0 = Debug|Any CPU
		{F4D466F2-C7D6-459C-A652-74864E55DAE1}.Release|Any CPU.ActiveCfg = Release|Any CPU
		{F4D466F2-C7D6-459C-A652-74864E55DAE1}.Release|Any CPU.Build.0 = Release|Any CPU
	EndGlobalSection
	GlobalSection(SolutionProperties) = preSolution
		HideSolutionNode = FALSE
	EndGlobalSection
	GlobalSection(ExtensibilityGlobals) = postSolution
		SolutionGuid = {FA823128-B2DF-4D6D-84AC-113F8281CEE6}
	EndGlobalSection
EndGlobal
